
Microsoft Visual Studio Solution File, Format Version 12.00
# Visual Studio Version 16
VisualStudioVersion = 16.0.30907.101
MinimumVisualStudioVersion = 10.0.40219.1
Project("{FAE04EC0-301F-11D3-BF4B-00C04F79EFBC}") = "Wave.Android", "Wave\Wave.Android\Wave.Android.csproj", "{062E53CD-CAB0-48CE-8B4B-0886E3A412E8}"
EndProject
Project("{FAE04EC0-301F-11D3-BF4B-00C04F79EFBC}") = "Wave.iOS", "Wave\Wave.iOS\Wave.iOS.csproj", "{74F4C189-CA67-4E3D-B4B2-AA4AC481488A}"
EndProject
Project("{FAE04EC0-301F-11D3-BF4B-00C04F79EFBC}") = "Wave", "Wave\Wave\Wave.csproj", "{0FBA71F8-BF5F-4922-B6B8-CDE0007861B2}"
EndProject
Global
	GlobalSection(SolutionConfigurationPlatforms) = preSolution
		Debug|Any CPU = Debug|Any CPU
		Debug|iPhone = Debug|iPhone
		Debug|iPhoneSimulator = Debug|iPhoneSimulator
		Release|Any CPU = Release|Any CPU
		Release|iPhone = Release|iPhone
		Release|iPhoneSimulator = Release|iPhoneSimulator
	EndGlobalSection
	GlobalSection(ProjectConfigurationPlatforms) = postSolution
		{062E53CD-CAB0-48CE-8B4B-0886E3A412E8}.Debug|Any CPU.ActiveCfg = Debug|Any CPU
		{062E53CD-CAB0-48CE-8B4B-0886E3A412E8}.Debug|Any CPU.Build.0 = Debug|Any CPU
		{062E53CD-CAB0-48CE-8B4B-0886E3A412E8}.Debug|Any CPU.Deploy.0 = Debug|Any CPU
		{062E53CD-CAB0-48CE-8B4B-0886E3A412E8}.Debug|iPhone.ActiveCfg = Debug|Any CPU
		{062E53CD-CAB0-48CE-8B4B-0886E3A412E8}.Debug|iPhone.Build.0 = Debug|Any CPU
		{062E53CD-CAB0-48CE-8B4B-0886E3A412E8}.Debug|iPhone.Deploy.0 = Debug|Any CPU
		{062E53CD-CAB0-48CE-8B4B-0886E3A412E8}.Debug|iPhoneSimulator.ActiveCfg = Debug|Any CPU
		{062E53CD-CAB0-48CE-8B4B-0886E3A412E8}.Debug|iPhoneSimulator.Build.0 = Debug|Any CPU
		{062E53CD-CAB0-48CE-8B4B-0886E3A412E8}.Debug|iPhoneSimulator.Deploy.0 = Debug|Any CPU
		{062E53CD-CAB0-48CE-8B4B-0886E3A412E8}.Release|Any CPU.ActiveCfg = Release|Any CPU
		{062E53CD-CAB0-48CE-8B4B-0886E3A412E8}.Release|Any CPU.Build.0 = Release|Any CPU
		{062E53CD-CAB0-48CE-8B4B-0886E3A412E8}.Release|Any CPU.Deploy.0 = Release|Any CPU
		{062E53CD-CAB0-48CE-8B4B-0886E3A412E8}.Release|iPhone.ActiveCfg = Release|Any CPU
		{062E53CD-CAB0-48CE-8B4B-0886E3A412E8}.Release|iPhone.Build.0 = Release|Any CPU
		{062E53CD-CAB0-48CE-8B4B-0886E3A412E8}.Release|iPhone.Deploy.0 = Release|Any CPU
		{062E53CD-CAB0-48CE-8B4B-0886E3A412E8}.Release|iPhoneSimulator.ActiveCfg = Release|Any CPU
		{062E53CD-CAB0-48CE-8B4B-0886E3A412E8}.Release|iPhoneSimulator.Build.0 = Release|Any CPU
		{062E53CD-CAB0-48CE-8B4B-0886E3A412E8}.Release|iPhoneSimulator.Deploy.0 = Release|Any CPU
		{74F4C189-CA67-4E3D-B4B2-AA4AC481488A}.Debug|Any CPU.ActiveCfg = Debug|iPhone
		{74F4C189-CA67-4E3D-B4B2-AA4AC481488A}.Debug|Any CPU.Build.0 = Debug|iPhone
		{74F4C189-CA67-4E3D-B4B2-AA4AC481488A}.Debug|Any CPU.Deploy.0 = Debug|iPhone
		{74F4C189-CA67-4E3D-B4B2-AA4AC481488A}.Debug|iPhone.ActiveCfg = Debug|iPhone
		{74F4C189-CA67-4E3D-B4B2-AA4AC481488A}.Debug|iPhone.Build.0 = Debug|iPhone
		{74F4C189-CA67-4E3D-B4B2-AA4AC481488A}.Debug|iPhone.Deploy.0 = Debug|iPhone
		{74F4C189-CA67-4E3D-B4B2-AA4AC481488A}.Debug|iPhoneSimulator.ActiveCfg = Debug|iPhoneSimulator
		{74F4C189-CA67-4E3D-B4B2-AA4AC481488A}.Debug|iPhoneSimulator.Build.0 = Debug|iPhoneSimulator
		{74F4C189-CA67-4E3D-B4B2-AA4AC481488A}.Debug|iPhoneSimulator.Deploy.0 = Debug|iPhoneSimulator
		{74F4C189-CA67-4E3D-B4B2-AA4AC481488A}.Release|Any CPU.ActiveCfg = Release|iPhoneSimulator
		{74F4C189-CA67-4E3D-B4B2-AA4AC481488A}.Release|Any CPU.Build.0 = Release|iPhoneSimulator
		{74F4C189-CA67-4E3D-B4B2-AA4AC481488A}.Release|Any CPU.Deploy.0 = Release|iPhoneSimulator
		{74F4C189-CA67-4E3D-B4B2-AA4AC481488A}.Release|iPhone.ActiveCfg = Release|iPhone
		{74F4C189-CA67-4E3D-B4B2-AA4AC481488A}.Release|iPhone.Build.0 = Release|iPhone
		{74F4C189-CA67-4E3D-B4B2-AA4AC481488A}.Release|iPhone.Deploy.0 = Release|iPhone
		{74F4C189-CA67-4E3D-B4B2-AA4AC481488A}.Release|iPhoneSimulator.ActiveCfg = Release|iPhoneSimulator
		{74F4C189-CA67-4E3D-B4B2-AA4AC481488A}.Release|iPhoneSimulator.Build.0 = Release|iPhoneSimulator
		{74F4C189-CA67-4E3D-B4B2-AA4AC481488A}.Release|iPhoneSimulator.Deploy.0 = Release|iPhoneSimulator
		{0FBA71F8-BF5F-4922-B6B8-CDE0007861B2}.Debug|Any CPU.ActiveCfg = Debug|Any CPU
		{0FBA71F8-BF5F-4922-B6B8-CDE0007861B2}.Debug|Any CPU.Build.0 = Debug|Any CPU
		{0FBA71F8-BF5F-4922-B6B8-CDE0007861B2}.Debug|Any CPU.Deploy.0 = Debug|Any CPU
		{0FBA71F8-BF5F-4922-B6B8-CDE0007861B2}.Debug|iPhone.ActiveCfg = Debug|Any CPU
		{0FBA71F8-BF5F-4922-B6B8-CDE0007861B2}.Debug|iPhone.Build.0 = Debug|Any CPU
		{0FBA71F8-BF5F-4922-B6B8-CDE0007861B2}.Debug|iPhone.Deploy.0 = Debug|Any CPU
		{0FBA71F8-BF5F-4922-B6B8-CDE0007861B2}.Debug|iPhoneSimulator.ActiveCfg = Debug|Any CPU
		{0FBA71F8-BF5F-4922-B6B8-CDE0007861B2}.Debug|iPhoneSimulator.Build.0 = Debug|Any CPU
		{0FBA71F8-BF5F-4922-B6B8-CDE0007861B2}.Debug|iPhoneSimulator.Deploy.0 = Debug|Any CPU
		{0FBA71F8-BF5F-4922-B6B8-CDE0007861B2}.Release|Any CPU.ActiveCfg = Release|Any CPU
		{0FBA71F8-BF5F-4922-B6B8-CDE0007861B2}.Release|Any CPU.Build.0 = Release|Any CPU
		{0FBA71F8-BF5F-4922-B6B8-CDE0007861B2}.Release|Any CPU.Deploy.0 = Release|Any CPU
		{0FBA71F8-BF5F-4922-B6B8-CDE0007861B2}.Release|iPhone.ActiveCfg = Release|Any CPU
		{0FBA71F8-BF5F-4922-B6B8-CDE0007861B2}.Release|iPhone.Build.0 = Release|Any CPU
		{0FBA71F8-BF5F-4922-B6B8-CDE0007861B2}.Release|iPhone.Deploy.0 = Release|Any CPU
		{0FBA71F8-BF5F-4922-B6B8-CDE0007861B2}.Release|iPhoneSimulator.ActiveCfg = Release|Any CPU
		{0FBA71F8-BF5F-4922-B6B8-CDE0007861B2}.Release|iPhoneSimulator.Build.0 = Release|Any CPU
		{0FBA71F8-BF5F-4922-B6B8-CDE0007861B2}.Release|iPhoneSimulator.Deploy.0 = Release|Any CPU
	EndGlobalSection
	GlobalSection(SolutionProperties) = preSolution
		HideSolutionNode = FALSE
	EndGlobalSection
	GlobalSection(ExtensibilityGlobals) = postSolution
		SolutionGuid = {EA3558F2-20D6-4173-8E78-BD04A260DEBC}
	EndGlobalSection
EndGlobal
